// !$*UTF8*$!
{
	archiveVersion = 1;
	classes = {
	};
	objectVersion = 48;
	objects = {

/* Begin PBXBuildFile section */
		C025DC1A1F2D039B00C351E1 /* CustomMainWindow.swift in Sources */ = {isa = PBXBuildFile; fileRef = C025DC191F2D039B00C351E1 /* CustomMainWindow.swift */; };
		C044914E1F34D9C10053832B /* String+Extention.swift in Sources */ = {isa = PBXBuildFile; fileRef = C09B211B1F34D9270092ECA0 /* String+Extention.swift */; };
		C0ACD6371F2FB1A600E4C260 /* MainWindow.swift in Sources */ = {isa = PBXBuildFile; fileRef = C0ACD6361F2FB1A600E4C260 /* MainWindow.swift */; };
		C0ACD63E1F2FB94C00E4C260 /* AppleScriptObjC.framework in Frameworks */ = {isa = PBXBuildFile; fileRef = C0ACD63D1F2FB94C00E4C260 /* AppleScriptObjC.framework */; };
		C0ACD6401F2FC25C00E4C260 /* SelectiTunesTracks.swift in Sources */ = {isa = PBXBuildFile; fileRef = C0ACD63F1F2FC25C00E4C260 /* SelectiTunesTracks.swift */; };
		C0ACD6441F2FDFEC00E4C260 /* Song.swift in Sources */ = {isa = PBXBuildFile; fileRef = C0ACD6431F2FDFEC00E4C260 /* Song.swift */; };
		C0ACD6451F302A8D00E4C260 /* ApplescriptBridge.swift in Sources */ = {isa = PBXBuildFile; fileRef = C0ACD6391F2FB92700E4C260 /* ApplescriptBridge.swift */; };
		C0ACD6461F302A9000E4C260 /* MyApplescript.applescript in Sources */ = {isa = PBXBuildFile; fileRef = C0ACD63A1F2FB92700E4C260 /* MyApplescript.applescript */; };
		C0ACD6471F302AA300E4C260 /* AppleScript-ObjC bridge functions 4:11:16.txt in Resources */ = {isa = PBXBuildFile; fileRef = C0ACD63B1F2FB92700E4C260 /* AppleScript-ObjC bridge functions 4:11:16.txt */; };
		C0ACD6491F33BD5B00E4C260 /* SongCellData.swift in Sources */ = {isa = PBXBuildFile; fileRef = C0ACD6481F33BD5B00E4C260 /* SongCellData.swift */; };
		C0ACD64B1F33C38B00E4C260 /* MainTableViewControls.swift in Sources */ = {isa = PBXBuildFile; fileRef = C0ACD64A1F33C38B00E4C260 /* MainTableViewControls.swift */; };
		C0B1450D1F26DF21008E1593 /* AppDelegate.swift in Sources */ = {isa = PBXBuildFile; fileRef = C0B1450C1F26DF21008E1593 /* AppDelegate.swift */; };
		C0B1450F1F26DF21008E1593 /* Assets.xcassets in Resources */ = {isa = PBXBuildFile; fileRef = C0B1450E1F26DF21008E1593 /* Assets.xcassets */; };
		C0B145121F26DF21008E1593 /* MainMenu.xib in Resources */ = {isa = PBXBuildFile; fileRef = C0B145101F26DF21008E1593 /* MainMenu.xib */; };
		C0B1451E1F26DF21008E1593 /* Song_ReplicatorTests.swift in Sources */ = {isa = PBXBuildFile; fileRef = C0B1451D1F26DF21008E1593 /* Song_ReplicatorTests.swift */; };
		C0B145301F26F880008E1593 /* CustomTableCellView.swift in Sources */ = {isa = PBXBuildFile; fileRef = C0B1452F1F26F880008E1593 /* CustomTableCellView.swift */; };
		C0B145331F26FF9A008E1593 /* GridClipTableView.swift in Sources */ = {isa = PBXBuildFile; fileRef = C0B145321F26FF9A008E1593 /* GridClipTableView.swift */; };
		C0D984DD1F3839A500B50D3E /* SUCCESS.mp3 in Resources */ = {isa = PBXBuildFile; fileRef = C0D984DB1F38377B00B50D3E /* SUCCESS.mp3 */; };
/* End PBXBuildFile section */

/* Begin PBXContainerItemProxy section */
		C0B1451A1F26DF21008E1593 /* PBXContainerItemProxy */ = {
			isa = PBXContainerItemProxy;
			containerPortal = C0B145011F26DF21008E1593 /* Project object */;
			proxyType = 1;
			remoteGlobalIDString = C0B145081F26DF21008E1593;
			remoteInfo = "Song Replicator";
		};
/* End PBXContainerItemProxy section */

/* Begin PBXFileReference section */
		C025DC191F2D039B00C351E1 /* CustomMainWindow.swift */ = {isa = PBXFileReference; lastKnownFileType = sourcecode.swift; path = CustomMainWindow.swift; sourceTree = "<group>"; };
		C045ABDE20B63A71006804E7 /* README.md */ = {isa = PBXFileReference; lastKnownFileType = net.daringfireball.markdown; path = README.md; sourceTree = "<group>"; };
		C09B211B1F34D9270092ECA0 /* String+Extention.swift */ = {isa = PBXFileReference; lastKnownFileType = sourcecode.swift; path = "String+Extention.swift"; sourceTree = "<group>"; };
		C0ACD6361F2FB1A600E4C260 /* MainWindow.swift */ = {isa = PBXFileReference; lastKnownFileType = sourcecode.swift; name = MainWindow.swift; path = "Song Replicator/UI Classes/MainWindow.swift"; sourceTree = SOURCE_ROOT; };
		C0ACD6391F2FB92700E4C260 /* ApplescriptBridge.swift */ = {isa = PBXFileReference; lastKnownFileType = sourcecode.swift; path = ApplescriptBridge.swift; sourceTree = "<group>"; };
		C0ACD63A1F2FB92700E4C260 /* MyApplescript.applescript */ = {isa = PBXFileReference; lastKnownFileType = sourcecode.applescript; path = MyApplescript.applescript; sourceTree = "<group>"; };
		C0ACD63B1F2FB92700E4C260 /* AppleScript-ObjC bridge functions 4:11:16.txt */ = {isa = PBXFileReference; lastKnownFileType = text; path = "AppleScript-ObjC bridge functions 4:11:16.txt"; sourceTree = "<group>"; };
		C0ACD63D1F2FB94C00E4C260 /* AppleScriptObjC.framework */ = {isa = PBXFileReference; lastKnownFileType = wrapper.framework; name = AppleScriptObjC.framework; path = System/Library/Frameworks/AppleScriptObjC.framework; sourceTree = SDKROOT; };
		C0ACD63F1F2FC25C00E4C260 /* SelectiTunesTracks.swift */ = {isa = PBXFileReference; lastKnownFileType = sourcecode.swift; path = SelectiTunesTracks.swift; sourceTree = "<group>"; };
		C0ACD6431F2FDFEC00E4C260 /* Song.swift */ = {isa = PBXFileReference; lastKnownFileType = sourcecode.swift; path = Song.swift; sourceTree = "<group>"; };
		C0ACD6481F33BD5B00E4C260 /* SongCellData.swift */ = {isa = PBXFileReference; lastKnownFileType = sourcecode.swift; path = SongCellData.swift; sourceTree = "<group>"; };
		C0ACD64A1F33C38B00E4C260 /* MainTableViewControls.swift */ = {isa = PBXFileReference; lastKnownFileType = sourcecode.swift; path = MainTableViewControls.swift; sourceTree = "<group>"; };
		C0B145091F26DF21008E1593 /* Song Replicator.app */ = {isa = PBXFileReference; explicitFileType = wrapper.application; includeInIndex = 0; path = "Song Replicator.app"; sourceTree = BUILT_PRODUCTS_DIR; };
		C0B1450C1F26DF21008E1593 /* AppDelegate.swift */ = {isa = PBXFileReference; lastKnownFileType = sourcecode.swift; path = AppDelegate.swift; sourceTree = "<group>"; };
		C0B1450E1F26DF21008E1593 /* Assets.xcassets */ = {isa = PBXFileReference; lastKnownFileType = folder.assetcatalog; path = Assets.xcassets; sourceTree = "<group>"; };
		C0B145111F26DF21008E1593 /* Base */ = {isa = PBXFileReference; lastKnownFileType = file.xib; name = Base; path = Base.lproj/MainMenu.xib; sourceTree = "<group>"; };
		C0B145131F26DF21008E1593 /* Info.plist */ = {isa = PBXFileReference; lastKnownFileType = text.plist.xml; path = Info.plist; sourceTree = "<group>"; };
		C0B145141F26DF21008E1593 /* Song_Replicator.entitlements */ = {isa = PBXFileReference; lastKnownFileType = text.plist.entitlements; path = Song_Replicator.entitlements; sourceTree = "<group>"; };
		C0B145191F26DF21008E1593 /* Song ReplicatorTests.xctest */ = {isa = PBXFileReference; explicitFileType = wrapper.cfbundle; includeInIndex = 0; path = "Song ReplicatorTests.xctest"; sourceTree = BUILT_PRODUCTS_DIR; };
		C0B1451D1F26DF21008E1593 /* Song_ReplicatorTests.swift */ = {isa = PBXFileReference; lastKnownFileType = sourcecode.swift; path = Song_ReplicatorTests.swift; sourceTree = "<group>"; };
		C0B1451F1F26DF21008E1593 /* Info.plist */ = {isa = PBXFileReference; lastKnownFileType = text.plist.xml; path = Info.plist; sourceTree = "<group>"; };
		C0B1452F1F26F880008E1593 /* CustomTableCellView.swift */ = {isa = PBXFileReference; lastKnownFileType = sourcecode.swift; path = CustomTableCellView.swift; sourceTree = "<group>"; };
		C0B145321F26FF9A008E1593 /* GridClipTableView.swift */ = {isa = PBXFileReference; lastKnownFileType = sourcecode.swift; path = GridClipTableView.swift; sourceTree = "<group>"; };
		C0D984DB1F38377B00B50D3E /* SUCCESS.mp3 */ = {isa = PBXFileReference; lastKnownFileType = audio.mp3; path = SUCCESS.mp3; sourceTree = "<group>"; };
/* End PBXFileReference section */

/* Begin PBXFrameworksBuildPhase section */
		C0B145061F26DF21008E1593 /* Frameworks */ = {
			isa = PBXFrameworksBuildPhase;
			buildActionMask = 2147483647;
			files = (
				C0ACD63E1F2FB94C00E4C260 /* AppleScriptObjC.framework in Frameworks */,
			);
			runOnlyForDeploymentPostprocessing = 0;
		};
		C0B145161F26DF21008E1593 /* Frameworks */ = {
			isa = PBXFrameworksBuildPhase;
			buildActionMask = 2147483647;
			files = (
			);
			runOnlyForDeploymentPostprocessing = 0;
		};
/* End PBXFrameworksBuildPhase section */

/* Begin PBXGroup section */
		C09B211A1F34D90C0092ECA0 /* Extentions */ = {
			isa = PBXGroup;
			children = (
				C09B211B1F34D9270092ECA0 /* String+Extention.swift */,
			);
			path = Extentions;
			sourceTree = "<group>";
		};
		C0ACD6381F2FB8F600E4C260 /* Applescript */ = {
			isa = PBXGroup;
			children = (
				C0ACD63B1F2FB92700E4C260 /* AppleScript-ObjC bridge functions 4:11:16.txt */,
				C0ACD6391F2FB92700E4C260 /* ApplescriptBridge.swift */,
				C0ACD63A1F2FB92700E4C260 /* MyApplescript.applescript */,
			);
			path = Applescript;
			sourceTree = "<group>";
		};
		C0ACD63C1F2FB94C00E4C260 /* Frameworks */ = {
			isa = PBXGroup;
			children = (
				C0ACD63D1F2FB94C00E4C260 /* AppleScriptObjC.framework */,
			);
			name = Frameworks;
			sourceTree = "<group>";
		};
		C0ACD6411F2FC26300E4C260 /* NSTableView's */ = {
			isa = PBXGroup;
			children = (
				C0ACD63F1F2FC25C00E4C260 /* SelectiTunesTracks.swift */,
				C0ACD64A1F33C38B00E4C260 /* MainTableViewControls.swift */,
			);
			path = "NSTableView's";
			sourceTree = "<group>";
		};
		C0ACD6421F2FDFD500E4C260 /* Custom Classes */ = {
			isa = PBXGroup;
			children = (
				C0ACD6431F2FDFEC00E4C260 /* Song.swift */,
				C0ACD6481F33BD5B00E4C260 /* SongCellData.swift */,
			);
			path = "Custom Classes";
			sourceTree = "<group>";
		};
		C0B145001F26DF21008E1593 = {
			isa = PBXGroup;
			children = (
				C045ABDE20B63A71006804E7 /* README.md */,
				C0B1450B1F26DF21008E1593 /* Song Replicator */,
				C0B1451C1F26DF21008E1593 /* Song ReplicatorTests */,
				C0B1450A1F26DF21008E1593 /* Products */,
				C0ACD63C1F2FB94C00E4C260 /* Frameworks */,
			);
			sourceTree = "<group>";
		};
		C0B1450A1F26DF21008E1593 /* Products */ = {
			isa = PBXGroup;
			children = (
				C0B145091F26DF21008E1593 /* Song Replicator.app */,
				C0B145191F26DF21008E1593 /* Song ReplicatorTests.xctest */,
			);
			name = Products;
			sourceTree = "<group>";
		};
		C0B1450B1F26DF21008E1593 /* Song Replicator */ = {
			isa = PBXGroup;
			children = (
				C0B1450C1F26DF21008E1593 /* AppDelegate.swift */,
				C0ACD6421F2FDFD500E4C260 /* Custom Classes */,
				C0B145311F26FF75008E1593 /* Custom UI */,
				C0B145281F26EDA4008E1593 /* UI Classes */,
				C09B211A1F34D90C0092ECA0 /* Extentions */,
				C0ACD6381F2FB8F600E4C260 /* Applescript */,
				C0B1450E1F26DF21008E1593 /* Assets.xcassets */,
				C0D984DB1F38377B00B50D3E /* SUCCESS.mp3 */,
				C0B145101F26DF21008E1593 /* MainMenu.xib */,
				C0B145131F26DF21008E1593 /* Info.plist */,
				C0B145141F26DF21008E1593 /* Song_Replicator.entitlements */,
			);
			path = "Song Replicator";
			sourceTree = "<group>";
		};
		C0B1451C1F26DF21008E1593 /* Song ReplicatorTests */ = {
			isa = PBXGroup;
			children = (
				C0B1451D1F26DF21008E1593 /* Song_ReplicatorTests.swift */,
				C0B1451F1F26DF21008E1593 /* Info.plist */,
			);
			path = "Song ReplicatorTests";
			sourceTree = "<group>";
		};
		C0B145281F26EDA4008E1593 /* UI Classes */ = {
			isa = PBXGroup;
			children = (
				C0ACD6361F2FB1A600E4C260 /* MainWindow.swift */,
				C0ACD6411F2FC26300E4C260 /* NSTableView's */,
			);
			path = "UI Classes";
			sourceTree = "<group>";
		};
		C0B145311F26FF75008E1593 /* Custom UI */ = {
			isa = PBXGroup;
			children = (
				C0B1452F1F26F880008E1593 /* CustomTableCellView.swift */,
				C0B145321F26FF9A008E1593 /* GridClipTableView.swift */,
				C025DC191F2D039B00C351E1 /* CustomMainWindow.swift */,
			);
			path = "Custom UI";
			sourceTree = "<group>";
		};
/* End PBXGroup section */

/* Begin PBXNativeTarget section */
		C0B145081F26DF21008E1593 /* Song Replicator */ = {
			isa = PBXNativeTarget;
			buildConfigurationList = C0B145221F26DF21008E1593 /* Build configuration list for PBXNativeTarget "Song Replicator" */;
			buildPhases = (
				C0B145051F26DF21008E1593 /* Sources */,
				C0B145061F26DF21008E1593 /* Frameworks */,
				C0B145071F26DF21008E1593 /* Resources */,
			);
			buildRules = (
			);
			dependencies = (
			);
			name = "Song Replicator";
			productName = "Song Replicator";
			productReference = C0B145091F26DF21008E1593 /* Song Replicator.app */;
			productType = "com.apple.product-type.application";
		};
		C0B145181F26DF21008E1593 /* Song ReplicatorTests */ = {
			isa = PBXNativeTarget;
			buildConfigurationList = C0B145251F26DF21008E1593 /* Build configuration list for PBXNativeTarget "Song ReplicatorTests" */;
			buildPhases = (
				C0B145151F26DF21008E1593 /* Sources */,
				C0B145161F26DF21008E1593 /* Frameworks */,
				C0B145171F26DF21008E1593 /* Resources */,
			);
			buildRules = (
			);
			dependencies = (
				C0B1451B1F26DF21008E1593 /* PBXTargetDependency */,
			);
			name = "Song ReplicatorTests";
			productName = "Song ReplicatorTests";
			productReference = C0B145191F26DF21008E1593 /* Song ReplicatorTests.xctest */;
			productType = "com.apple.product-type.bundle.unit-test";
		};
/* End PBXNativeTarget section */

/* Begin PBXProject section */
		C0B145011F26DF21008E1593 /* Project object */ = {
			isa = PBXProject;
			attributes = {
				LastSwiftUpdateCheck = 0900;
				LastUpgradeCheck = 0930;
				ORGANIZATIONNAME = "16^2";
				TargetAttributes = {
					C0B145081F26DF21008E1593 = {
						CreatedOnToolsVersion = 9.0;
						LastSwiftMigration = 0900;
						SystemCapabilities = {
							com.apple.Sandbox = {
								enabled = 0;
							};
						};
					};
					C0B145181F26DF21008E1593 = {
						CreatedOnToolsVersion = 9.0;
						LastSwiftMigration = 0900;
						TestTargetID = C0B145081F26DF21008E1593;
					};
				};
			};
			buildConfigurationList = C0B145041F26DF21008E1593 /* Build configuration list for PBXProject "Song Replicator" */;
			compatibilityVersion = "Xcode 8.0";
			developmentRegion = en;
			hasScannedForEncodings = 0;
			knownRegions = (
				en,
				Base,
			);
			mainGroup = C0B145001F26DF21008E1593;
			productRefGroup = C0B1450A1F26DF21008E1593 /* Products */;
			projectDirPath = "";
			projectRoot = "";
			targets = (
				C0B145081F26DF21008E1593 /* Song Replicator */,
				C0B145181F26DF21008E1593 /* Song ReplicatorTests */,
			);
		};
/* End PBXProject section */

/* Begin PBXResourcesBuildPhase section */
		C0B145071F26DF21008E1593 /* Resources */ = {
			isa = PBXResourcesBuildPhase;
			buildActionMask = 2147483647;
			files = (
				C0D984DD1F3839A500B50D3E /* SUCCESS.mp3 in Resources */,
				C0ACD6471F302AA300E4C260 /* AppleScript-ObjC bridge functions 4:11:16.txt in Resources */,
				C0B1450F1F26DF21008E1593 /* Assets.xcassets in Resources */,
				C0B145121F26DF21008E1593 /* MainMenu.xib in Resources */,
			);
			runOnlyForDeploymentPostprocessing = 0;
		};
		C0B145171F26DF21008E1593 /* Resources */ = {
			isa = PBXResourcesBuildPhase;
			buildActionMask = 2147483647;
			files = (
			);
			runOnlyForDeploymentPostprocessing = 0;
		};
/* End PBXResourcesBuildPhase section */

/* Begin PBXSourcesBuildPhase section */
		C0B145051F26DF21008E1593 /* Sources */ = {
			isa = PBXSourcesBuildPhase;
			buildActionMask = 2147483647;
			files = (
				C044914E1F34D9C10053832B /* String+Extention.swift in Sources */,
				C0ACD6461F302A9000E4C260 /* MyApplescript.applescript in Sources */,
				C0ACD6451F302A8D00E4C260 /* ApplescriptBridge.swift in Sources */,
				C0ACD6441F2FDFEC00E4C260 /* Song.swift in Sources */,
				C0ACD64B1F33C38B00E4C260 /* MainTableViewControls.swift in Sources */,
				C0B1450D1F26DF21008E1593 /* AppDelegate.swift in Sources */,
				C0ACD6491F33BD5B00E4C260 /* SongCellData.swift in Sources */,
				C0ACD6401F2FC25C00E4C260 /* SelectiTunesTracks.swift in Sources */,
				C0B145301F26F880008E1593 /* CustomTableCellView.swift in Sources */,
				C0B145331F26FF9A008E1593 /* GridClipTableView.swift in Sources */,
				C025DC1A1F2D039B00C351E1 /* CustomMainWindow.swift in Sources */,
				C0ACD6371F2FB1A600E4C260 /* MainWindow.swift in Sources */,
			);
			runOnlyForDeploymentPostprocessing = 0;
		};
		C0B145151F26DF21008E1593 /* Sources */ = {
			isa = PBXSourcesBuildPhase;
			buildActionMask = 2147483647;
			files = (
				C0B1451E1F26DF21008E1593 /* Song_ReplicatorTests.swift in Sources */,
			);
			runOnlyForDeploymentPostprocessing = 0;
		};
/* End PBXSourcesBuildPhase section */

/* Begin PBXTargetDependency section */
		C0B1451B1F26DF21008E1593 /* PBXTargetDependency */ = {
			isa = PBXTargetDependency;
			target = C0B145081F26DF21008E1593 /* Song Replicator */;
			targetProxy = C0B1451A1F26DF21008E1593 /* PBXContainerItemProxy */;
		};
/* End PBXTargetDependency section */

/* Begin PBXVariantGroup section */
		C0B145101F26DF21008E1593 /* MainMenu.xib */ = {
			isa = PBXVariantGroup;
			children = (
				C0B145111F26DF21008E1593 /* Base */,
			);
			name = MainMenu.xib;
			sourceTree = "<group>";
		};
/* End PBXVariantGroup section */

/* Begin XCBuildConfiguration section */
		C0B145201F26DF21008E1593 /* Debug */ = {
			isa = XCBuildConfiguration;
			buildSettings = {
				ALWAYS_SEARCH_USER_PATHS = NO;
				CLANG_ANALYZER_NONNULL = YES;
				CLANG_ANALYZER_NUMBER_OBJECT_CONVERSION = YES_AGGRESSIVE;
				CLANG_CXX_LANGUAGE_STANDARD = "gnu++14";
				CLANG_CXX_LIBRARY = "libc++";
				CLANG_ENABLE_MODULES = YES;
				CLANG_ENABLE_OBJC_ARC = YES;
				CLANG_WARN_BLOCK_CAPTURE_AUTORELEASING = YES;
				CLANG_WARN_BOOL_CONVERSION = YES;
				CLANG_WARN_COMMA = YES;
				CLANG_WARN_CONSTANT_CONVERSION = YES;
				CLANG_WARN_DEPRECATED_OBJC_IMPLEMENTATIONS = YES;
				CLANG_WARN_DIRECT_OBJC_ISA_USAGE = YES_ERROR;
				CLANG_WARN_DOCUMENTATION_COMMENTS = YES;
				CLANG_WARN_EMPTY_BODY = YES;
				CLANG_WARN_ENUM_CONVERSION = YES;
				CLANG_WARN_INFINITE_RECURSION = YES;
				CLANG_WARN_INT_CONVERSION = YES;
				CLANG_WARN_NON_LITERAL_NULL_CONVERSION = YES;
				CLANG_WARN_OBJC_IMPLICIT_RETAIN_SELF = YES;
				CLANG_WARN_OBJC_LITERAL_CONVERSION = YES;
				CLANG_WARN_OBJC_ROOT_CLASS = YES_ERROR;
				CLANG_WARN_RANGE_LOOP_ANALYSIS = YES;
				CLANG_WARN_STRICT_PROTOTYPES = YES;
				CLANG_WARN_SUSPICIOUS_MOVE = YES;
				CLANG_WARN_UNGUARDED_AVAILABILITY = YES_AGGRESSIVE;
				CLANG_WARN_UNREACHABLE_CODE = YES;
				CLANG_WARN__DUPLICATE_METHOD_MATCH = YES;
				CODE_SIGN_IDENTITY = "-";
				COPY_PHASE_STRIP = NO;
				DEBUG_INFORMATION_FORMAT = dwarf;
				ENABLE_STRICT_OBJC_MSGSEND = YES;
				ENABLE_TESTABILITY = YES;
				GCC_C_LANGUAGE_STANDARD = gnu11;
				GCC_DYNAMIC_NO_PIC = NO;
				GCC_NO_COMMON_BLOCKS = YES;
				GCC_OPTIMIZATION_LEVEL = 0;
				GCC_PREPROCESSOR_DEFINITIONS = (
					"DEBUG=1",
					"$(inherited)",
				);
				GCC_WARN_64_TO_32_BIT_CONVERSION = YES;
				GCC_WARN_ABOUT_RETURN_TYPE = YES_ERROR;
				GCC_WARN_UNDECLARED_SELECTOR = YES;
				GCC_WARN_UNINITIALIZED_AUTOS = YES_AGGRESSIVE;
				GCC_WARN_UNUSED_FUNCTION = YES;
				GCC_WARN_UNUSED_VARIABLE = YES;
				MACOSX_DEPLOYMENT_TARGET = 10.13;
				MTL_ENABLE_DEBUG_INFO = YES;
				ONLY_ACTIVE_ARCH = YES;
				SDKROOT = macosx;
				SWIFT_ACTIVE_COMPILATION_CONDITIONS = DEBUG;
				SWIFT_OPTIMIZATION_LEVEL = "-Onone";
			};
			name = Debug;
		};
		C0B145211F26DF21008E1593 /* Release */ = {
			isa = XCBuildConfiguration;
			buildSettings = {
				ALWAYS_SEARCH_USER_PATHS = NO;
				CLANG_ANALYZER_NONNULL = YES;
				CLANG_ANALYZER_NUMBER_OBJECT_CONVERSION = YES_AGGRESSIVE;
				CLANG_CXX_LANGUAGE_STANDARD = "gnu++14";
				CLANG_CXX_LIBRARY = "libc++";
				CLANG_ENABLE_MODULES = YES;
				CLANG_ENABLE_OBJC_ARC = YES;
				CLANG_WARN_BLOCK_CAPTURE_AUTORELEASING = YES;
				CLANG_WARN_BOOL_CONVERSION = YES;
				CLANG_WARN_COMMA = YES;
				CLANG_WARN_CONSTANT_CONVERSION = YES;
				CLANG_WARN_DEPRECATED_OBJC_IMPLEMENTATIONS = YES;
				CLANG_WARN_DIRECT_OBJC_ISA_USAGE = YES_ERROR;
				CLANG_WARN_DOCUMENTATION_COMMENTS = YES;
				CLANG_WARN_EMPTY_BODY = YES;
				CLANG_WARN_ENUM_CONVERSION = YES;
				CLANG_WARN_INFINITE_RECURSION = YES;
				CLANG_WARN_INT_CONVERSION = YES;
				CLANG_WARN_NON_LITERAL_NULL_CONVERSION = YES;
				CLANG_WARN_OBJC_IMPLICIT_RETAIN_SELF = YES;
				CLANG_WARN_OBJC_LITERAL_CONVERSION = YES;
				CLANG_WARN_OBJC_ROOT_CLASS = YES_ERROR;
				CLANG_WARN_RANGE_LOOP_ANALYSIS = YES;
				CLANG_WARN_STRICT_PROTOTYPES = YES;
				CLANG_WARN_SUSPICIOUS_MOVE = YES;
				CLANG_WARN_UNGUARDED_AVAILABILITY = YES_AGGRESSIVE;
				CLANG_WARN_UNREACHABLE_CODE = YES;
				CLANG_WARN__DUPLICATE_METHOD_MATCH = YES;
				CODE_SIGN_IDENTITY = "-";
				COPY_PHASE_STRIP = NO;
				DEBUG_INFORMATION_FORMAT = "dwarf-with-dsym";
				ENABLE_NS_ASSERTIONS = NO;
				ENABLE_STRICT_OBJC_MSGSEND = YES;
				GCC_C_LANGUAGE_STANDARD = gnu11;
				GCC_NO_COMMON_BLOCKS = YES;
				GCC_WARN_64_TO_32_BIT_CONVERSION = YES;
				GCC_WARN_ABOUT_RETURN_TYPE = YES_ERROR;
				GCC_WARN_UNDECLARED_SELECTOR = YES;
				GCC_WARN_UNINITIALIZED_AUTOS = YES_AGGRESSIVE;
				GCC_WARN_UNUSED_FUNCTION = YES;
				GCC_WARN_UNUSED_VARIABLE = YES;
				MACOSX_DEPLOYMENT_TARGET = 10.13;
				MTL_ENABLE_DEBUG_INFO = NO;
				SDKROOT = macosx;
				SWIFT_OPTIMIZATION_LEVEL = "-Owholemodule";
			};
			name = Release;
		};
		C0B145231F26DF21008E1593 /* Debug */ = {
			isa = XCBuildConfiguration;
			buildSettings = {
				ASSETCATALOG_COMPILER_APPICON_NAME = AppIcon;
				CLANG_ENABLE_MODULES = YES;
				COMBINE_HIDPI_IMAGES = YES;
				INFOPLIST_FILE = "Song Replicator/Info.plist";
				LD_RUNPATH_SEARCH_PATHS = "$(inherited) @executable_path/../Frameworks";
				PRODUCT_BUNDLE_IDENTIFIER = "sixteensquared.Song-Replicator";
				PRODUCT_NAME = "$(TARGET_NAME)";
				SWIFT_OPTIMIZATION_LEVEL = "-Onone";
				SWIFT_SWIFT3_OBJC_INFERENCE = Default;
				SWIFT_VERSION = 4.0;
			};
			name = Debug;
		};
		C0B145241F26DF21008E1593 /* Release */ = {
			isa = XCBuildConfiguration;
			buildSettings = {
				ASSETCATALOG_COMPILER_APPICON_NAME = AppIcon;
				CLANG_ENABLE_MODULES = YES;
				COMBINE_HIDPI_IMAGES = YES;
				INFOPLIST_FILE = "Song Replicator/Info.plist";
				LD_RUNPATH_SEARCH_PATHS = "$(inherited) @executable_path/../Frameworks";
				PRODUCT_BUNDLE_IDENTIFIER = "sixteensquared.Song-Replicator";
				PRODUCT_NAME = "$(TARGET_NAME)";
				SWIFT_SWIFT3_OBJC_INFERENCE = Default;
				SWIFT_VERSION = 4.0;
			};
			name = Release;
		};
		C0B145261F26DF21008E1593 /* Debug */ = {
			isa = XCBuildConfiguration;
			buildSettings = {
				ALWAYS_EMBED_SWIFT_STANDARD_LIBRARIES = YES;
				BUNDLE_LOADER = "$(TEST_HOST)";
				COMBINE_HIDPI_IMAGES = YES;
				INFOPLIST_FILE = "Song ReplicatorTests/Info.plist";
				LD_RUNPATH_SEARCH_PATHS = "$(inherited) @executable_path/../Frameworks @loader_path/../Frameworks";
				PRODUCT_BUNDLE_IDENTIFIER = "sixteensquared.Song-ReplicatorTests";
				PRODUCT_NAME = "$(TARGET_NAME)";
				SWIFT_SWIFT3_OBJC_INFERENCE = On;
				SWIFT_VERSION = 4.0;
				TEST_HOST = "$(BUILT_PRODUCTS_DIR)/Song Replicator.app/Contents/MacOS/Song Replicator";
			};
			name = Debug;
		};
		C0B145271F26DF21008E1593 /* Release */ = {
			isa = XCBuildConfiguration;
			buildSettings = {
				ALWAYS_EMBED_SWIFT_STANDARD_LIBRARIES = YES;
				BUNDLE_LOADER = "$(TEST_HOST)";
				COMBINE_HIDPI_IMAGES = YES;
				INFOPLIST_FILE = "Song ReplicatorTests/Info.plist";
				LD_RUNPATH_SEARCH_PATHS = "$(inherited) @executable_path/../Frameworks @loader_path/../Frameworks";
				PRODUCT_BUNDLE_IDENTIFIER = "sixteensquared.Song-ReplicatorTests";
				PRODUCT_NAME = "$(TARGET_NAME)";
				SWIFT_SWIFT3_OBJC_INFERENCE = On;
				SWIFT_VERSION = 4.0;
				TEST_HOST = "$(BUILT_PRODUCTS_DIR)/Song Replicator.app/Contents/MacOS/Song Replicator";
			};
			name = Release;
		};
/* End XCBuildConfiguration section */

/* Begin XCConfigurationList section */
		C0B145041F26DF21008E1593 /* Build configuration list for PBXProject "Song Replicator" */ = {
			isa = XCConfigurationList;
			buildConfigurations = (
				C0B145201F26DF21008E1593 /* Debug */,
				C0B145211F26DF21008E1593 /* Release */,
			);
			defaultConfigurationIsVisible = 0;
			defaultConfigurationName = Release;
		};
		C0B145221F26DF21008E1593 /* Build configuration list for PBXNativeTarget "Song Replicator" */ = {
			isa = XCConfigurationList;
			buildConfigurations = (
				C0B145231F26DF21008E1593 /* Debug */,
				C0B145241F26DF21008E1593 /* Release */,
			);
			defaultConfigurationIsVisible = 0;
			defaultConfigurationName = Release;
		};
		C0B145251F26DF21008E1593 /* Build configuration list for PBXNativeTarget "Song ReplicatorTests" */ = {
			isa = XCConfigurationList;
			buildConfigurations = (
				C0B145261F26DF21008E1593 /* Debug */,
				C0B145271F26DF21008E1593 /* Release */,
			);
			defaultConfigurationIsVisible = 0;
			defaultConfigurationName = Release;
		};
/* End XCConfigurationList section */
	};
	rootObject = C0B145011F26DF21008E1593 /* Project object */;
}
